
Microsoft Visual Studio Solution File, Format Version 12.00
# Visual Studio 2012
Project("{FAE04EC0-301F-11D3-BF4B-00C04F79EFBC}") = "BMICalculator", "BMICalculator\BMICalculator.csproj", "{0E456890-1CF3-4CCE-8550-F9E58BB3AB67}"
EndProject
Global
	GlobalSection(SolutionConfigurationPlatforms) = preSolution
		Debug|iPhoneSimulator = Debug|iPhoneSimulator
		Release|iPhone = Release|iPhone
		Release|iPhoneSimulator = Release|iPhoneSimulator
		Debug|iPhone = Debug|iPhone
	EndGlobalSection
	GlobalSection(ProjectConfigurationPlatforms) = postSolution
		{0E456890-1CF3-4CCE-8550-F9E58BB3AB67}.Debug|iPhoneSimulator.ActiveCfg = Debug|iPhoneSimulator
		{0E456890-1CF3-4CCE-8550-F9E58BB3AB67}.Debug|iPhoneSimulator.Build.0 = Debug|iPhoneSimulator
		{0E456890-1CF3-4CCE-8550-F9E58BB3AB67}.Release|iPhone.ActiveCfg = Release|iPhone
		{0E456890-1CF3-4CCE-8550-F9E58BB3AB67}.Release|iPhone.Build.0 = Release|iPhone
		{0E456890-1CF3-4CCE-8550-F9E58BB3AB67}.Release|iPhoneSimulator.ActiveCfg = Release|iPhoneSimulator
		{0E456890-1CF3-4CCE-8550-F9E58BB3AB67}.Release|iPhoneSimulator.Build.0 = Release|iPhoneSimulator
		{0E456890-1CF3-4CCE-8550-F9E58BB3AB67}.Debug|iPhone.ActiveCfg = Debug|iPhone
		{0E456890-1CF3-4CCE-8550-F9E58BB3AB67}.Debug|iPhone.Build.0 = Debug|iPhone
	EndGlobalSection
EndGlobal
